
Microsoft Visual Studio Solution File, Format Version 12.00
# Visual Studio 15
VisualStudioVersion = 15.0.28307.645
MinimumVisualStudioVersion = 10.0.40219.1
Project("{FAE04EC0-301F-11D3-BF4B-00C04F79EFBC}") = "WSR", "WSR\WSR.csproj", "{710ADCBC-686F-441F-B63B-CCD68C36A6FC}"
EndProject
Global
	GlobalSection(SolutionConfigurationPlatforms) = preSolution
		Debug|Any CPU = Debug|Any CPU
		Release|Any CPU = Release|Any CPU
	EndGlobalSection
	GlobalSection(ProjectConfigurationPlatforms) = postSolution
		{710ADCBC-686F-441F-B63B-CCD68C36A6FC}.Debug|Any CPU.ActiveCfg = Debug|Any CPU
		{710ADCBC-686F-441F-B63B-CCD68C36A6FC}.Debug|Any CPU.Build.0 = Debug|Any CPU
		{710ADCBC-686F-441F-B63B-CCD68C36A6FC}.Release|Any CPU.ActiveCfg = Release|Any CPU
		{710ADCBC-686F-441F-B63B-CCD68C36A6FC}.Release|Any CPU.Build.0 = Release|Any CPU
	EndGlobalSection
	GlobalSection(SolutionProperties) = preSolution
		HideSolutionNode = FALSE
	EndGlobalSection
	GlobalSection(ExtensibilityGlobals) = postSolution
		SolutionGuid = {E927D610-D99B-49C7-AF06-D95AF7BA1C8A}
	EndGlobalSection
EndGlobal
